
Microsoft Visual Studio Solution File, Format Version 12.00
Project("{FAE04EC0-301F-11D3-BF4B-00C04F79EFBC}") = "BetterVehicleStorage", "BetterVehicleStorage\BetterVehicleStorage.csproj", "{A39952B3-93F8-41C1-A675-4743B643791F}"
EndProject
Project("{FAE04EC0-301F-11D3-BF4B-00C04F79EFBC}") = "Utilities", "Utilities\Utilities.csproj", "{46054143-71F7-4A06-811E-C7D1F3D684B3}"
EndProject
Project("{FAE04EC0-301F-11D3-BF4B-00C04F79EFBC}") = "VehicleInfosTab", "VehicleInfosTab\VehicleInfosTab.csproj", "{E94E1771-2A0E-4662-A73D-19EC18D40F63}"
EndProject
Project("{FAE04EC0-301F-11D3-BF4B-00C04F79EFBC}") = "MoonpoolDockedVehicleUpgrades", "MoonpoolDockedVehicleUpgrades\MoonpoolDockedVehicleUpgrades.csproj", "{9A720D41-DF3B-4C54-A161-4625DDB461CD}"
EndProject
Global
	GlobalSection(SolutionConfigurationPlatforms) = preSolution
		Debug|Any CPU = Debug|Any CPU
		Release|Any CPU = Release|Any CPU
	EndGlobalSection
	GlobalSection(ProjectConfigurationPlatforms) = postSolution
		{A39952B3-93F8-41C1-A675-4743B643791F}.Debug|Any CPU.ActiveCfg = Debug|Any CPU
		{A39952B3-93F8-41C1-A675-4743B643791F}.Debug|Any CPU.Build.0 = Debug|Any CPU
		{A39952B3-93F8-41C1-A675-4743B643791F}.Release|Any CPU.ActiveCfg = Release|Any CPU
		{A39952B3-93F8-41C1-A675-4743B643791F}.Release|Any CPU.Build.0 = Release|Any CPU
		{46054143-71F7-4A06-811E-C7D1F3D684B3}.Debug|Any CPU.ActiveCfg = Debug|Any CPU
		{46054143-71F7-4A06-811E-C7D1F3D684B3}.Debug|Any CPU.Build.0 = Debug|Any CPU
		{46054143-71F7-4A06-811E-C7D1F3D684B3}.Release|Any CPU.ActiveCfg = Release|Any CPU
		{46054143-71F7-4A06-811E-C7D1F3D684B3}.Release|Any CPU.Build.0 = Release|Any CPU
		{E94E1771-2A0E-4662-A73D-19EC18D40F63}.Debug|Any CPU.ActiveCfg = Debug|Any CPU
		{E94E1771-2A0E-4662-A73D-19EC18D40F63}.Debug|Any CPU.Build.0 = Debug|Any CPU
		{E94E1771-2A0E-4662-A73D-19EC18D40F63}.Release|Any CPU.ActiveCfg = Release|Any CPU
		{E94E1771-2A0E-4662-A73D-19EC18D40F63}.Release|Any CPU.Build.0 = Release|Any CPU
		{9A720D41-DF3B-4C54-A161-4625DDB461CD}.Debug|Any CPU.ActiveCfg = Debug|Any CPU
		{9A720D41-DF3B-4C54-A161-4625DDB461CD}.Debug|Any CPU.Build.0 = Debug|Any CPU
		{9A720D41-DF3B-4C54-A161-4625DDB461CD}.Release|Any CPU.ActiveCfg = Release|Any CPU
		{9A720D41-DF3B-4C54-A161-4625DDB461CD}.Release|Any CPU.Build.0 = Release|Any CPU
	EndGlobalSection
EndGlobal
